// !$*UTF8*$!
{
	archiveVersion = 1;
	classes = {
	};
	objectVersion = 46;
	objects = {

/* Begin PBXBuildFile section */
		0377B4EB18FB8447005C04C9 /* Cocoa.framework in Frameworks */ = {isa = PBXBuildFile; fileRef = 0377B4EA18FB8447005C04C9 /* Cocoa.framework */; };
		0377B4F518FB8447005C04C9 /* InfoPlist.strings in Resources */ = {isa = PBXBuildFile; fileRef = 0377B4F318FB8447005C04C9 /* InfoPlist.strings */; };
		0377B4F718FB8447005C04C9 /* main.m in Sources */ = {isa = PBXBuildFile; fileRef = 0377B4F618FB8447005C04C9 /* main.m */; };
		0377B4FB18FB8447005C04C9 /* Credits.rtf in Resources */ = {isa = PBXBuildFile; fileRef = 0377B4F918FB8447005C04C9 /* Credits.rtf */; };
		0377B4FE18FB8447005C04C9 /* AppDelegate.m in Sources */ = {isa = PBXBuildFile; fileRef = 0377B4FD18FB8447005C04C9 /* AppDelegate.m */; };
		0377B50118FB8447005C04C9 /* MainMenu.xib in Resources */ = {isa = PBXBuildFile; fileRef = 0377B4FF18FB8447005C04C9 /* MainMenu.xib */; };
		0377B50318FB8447005C04C9 /* Images.xcassets in Resources */ = {isa = PBXBuildFile; fileRef = 0377B50218FB8447005C04C9 /* Images.xcassets */; };
		0377B50A18FB8447005C04C9 /* XCTest.framework in Frameworks */ = {isa = PBXBuildFile; fileRef = 0377B50918FB8447005C04C9 /* XCTest.framework */; };
		0377B50B18FB8447005C04C9 /* Cocoa.framework in Frameworks */ = {isa = PBXBuildFile; fileRef = 0377B4EA18FB8447005C04C9 /* Cocoa.framework */; };
		0377B51318FB8447005C04C9 /* InfoPlist.strings in Resources */ = {isa = PBXBuildFile; fileRef = 0377B51118FB8447005C04C9 /* InfoPlist.strings */; };
		0377B51518FB8447005C04C9 /* CBLNestedModelExampleTests.m in Sources */ = {isa = PBXBuildFile; fileRef = 0377B51418FB8447005C04C9 /* CBLNestedModelExampleTests.m */; };
		0377B52818FB98A0005C04C9 /* CBLNestedModel.m in Sources */ = {isa = PBXBuildFile; fileRef = 0377B52018FB98A0005C04C9 /* CBLNestedModel.m */; };
		0377B52918FB98A0005C04C9 /* NSObject+Properties.m in Sources */ = {isa = PBXBuildFile; fileRef = 0377B52218FB98A0005C04C9 /* NSObject+Properties.m */; };
		0377B52A18FB98A0005C04C9 /* MyCBLChildModel.m in Sources */ = {isa = PBXBuildFile; fileRef = 0377B52518FB98A0005C04C9 /* MyCBLChildModel.m */; };
		0377B52B18FB98A0005C04C9 /* MyCBLModel.m in Sources */ = {isa = PBXBuildFile; fileRef = 0377B52718FB98A0005C04C9 /* MyCBLModel.m */; };
		0377B55518FB99E1005C04C9 /* CouchbaseLite.framework in Frameworks */ = {isa = PBXBuildFile; fileRef = 0377B53E18FB99B3005C04C9 /* CouchbaseLite.framework */; };
/* End PBXBuildFile section */

/* Begin PBXContainerItemProxy section */
		0377B50C18FB8447005C04C9 /* PBXContainerItemProxy */ = {
			isa = PBXContainerItemProxy;
			containerPortal = 0377B4DF18FB8447005C04C9 /* Project object */;
			proxyType = 1;
			remoteGlobalIDString = 0377B4E618FB8447005C04C9;
			remoteInfo = CBLNestedModelExample;
		};
		0377B53D18FB99B3005C04C9 /* PBXContainerItemProxy */ = {
			isa = PBXContainerItemProxy;
			containerPortal = 0377B52C18FB99B2005C04C9 /* CouchbaseLite.xcodeproj */;
			proxyType = 2;
			remoteGlobalIDString = 270B3DEA1489359000E0A926;
			remoteInfo = "CBL Mac";
		};
		0377B53F18FB99B3005C04C9 /* PBXContainerItemProxy */ = {
			isa = PBXContainerItemProxy;
			containerPortal = 0377B52C18FB99B2005C04C9 /* CouchbaseLite.xcodeproj */;
			proxyType = 2;
			remoteGlobalIDString = 27B0B7E71492BB6B00A817AD;
			remoteInfo = "CBL iOS";
		};
		0377B54118FB99B3005C04C9 /* PBXContainerItemProxy */ = {
			isa = PBXContainerItemProxy;
			containerPortal = 0377B52C18FB99B2005C04C9 /* CouchbaseLite.xcodeproj */;
			proxyType = 2;
			remoteGlobalIDString = 27B0B7A91492B83B00A817AD;
			remoteInfo = "CBL iOS library";
		};
		0377B54318FB99B3005C04C9 /* PBXContainerItemProxy */ = {
			isa = PBXContainerItemProxy;
			containerPortal = 0377B52C18FB99B2005C04C9 /* CouchbaseLite.xcodeproj */;
			proxyType = 2;
			remoteGlobalIDString = 27C70694148864BA00F0F099;
			remoteInfo = "CBL Mac Demo";
		};
		0377B54518FB99B3005C04C9 /* PBXContainerItemProxy */ = {
			isa = PBXContainerItemProxy;
			containerPortal = 0377B52C18FB99B2005C04C9 /* CouchbaseLite.xcodeproj */;
			proxyType = 2;
			remoteGlobalIDString = 27B0B80B1492C16300A817AD;
			remoteInfo = "Grocery Sync iOS Demo";
		};
		0377B54718FB99B3005C04C9 /* PBXContainerItemProxy */ = {
			isa = PBXContainerItemProxy;
			containerPortal = 0377B52C18FB99B2005C04C9 /* CouchbaseLite.xcodeproj */;
			proxyType = 2;
			remoteGlobalIDString = 27731F2A1495CFEF00815D67;
			remoteInfo = "CBL iOS Empty App";
		};
		0377B54918FB99B3005C04C9 /* PBXContainerItemProxy */ = {
			isa = PBXContainerItemProxy;
			containerPortal = 0377B52C18FB99B2005C04C9 /* CouchbaseLite.xcodeproj */;
			proxyType = 2;
			remoteGlobalIDString = 275315D514ACF0A10065964D;
			remoteInfo = "CBL Listener Mac";
		};
		0377B54B18FB99B3005C04C9 /* PBXContainerItemProxy */ = {
			isa = PBXContainerItemProxy;
			containerPortal = 0377B52C18FB99B2005C04C9 /* CouchbaseLite.xcodeproj */;
			proxyType = 2;
			remoteGlobalIDString = DA147C3614BCAC3B0052DA4D;
			remoteInfo = "CBL Listener iOS";
		};
		0377B54D18FB99B3005C04C9 /* PBXContainerItemProxy */ = {
			isa = PBXContainerItemProxy;
			containerPortal = 0377B52C18FB99B2005C04C9 /* CouchbaseLite.xcodeproj */;
			proxyType = 2;
			remoteGlobalIDString = DA023B6414BCA94C008184BB;
			remoteInfo = "Listener iOS Library";
		};
		0377B54F18FB99B3005C04C9 /* PBXContainerItemProxy */ = {
			isa = PBXContainerItemProxy;
			containerPortal = 0377B52C18FB99B2005C04C9 /* CouchbaseLite.xcodeproj */;
			proxyType = 2;
			remoteGlobalIDString = 270FE0C814C5008C005FF647;
			remoteInfo = LiteServ;
		};
		0377B55118FB99B3005C04C9 /* PBXContainerItemProxy */ = {
			isa = PBXContainerItemProxy;
			containerPortal = 0377B52C18FB99B2005C04C9 /* CouchbaseLite.xcodeproj */;
			proxyType = 2;
			remoteGlobalIDString = 27538F5017F13B03004C3BFD;
			remoteInfo = "LiteServ App";
		};
		0377B55318FB99B3005C04C9 /* PBXContainerItemProxy */ = {
			isa = PBXContainerItemProxy;
			containerPortal = 0377B52C18FB99B2005C04C9 /* CouchbaseLite.xcodeproj */;
			proxyType = 2;
			remoteGlobalIDString = 792867BF178DE01900248AF0;
			remoteInfo = CBLJSViewCompiler;
		};
/* End PBXContainerItemProxy section */

/* Begin PBXFileReference section */
		0377B4E718FB8447005C04C9 /* CBLNestedModelExample.app */ = {isa = PBXFileReference; explicitFileType = wrapper.application; includeInIndex = 0; path = CBLNestedModelExample.app; sourceTree = BUILT_PRODUCTS_DIR; };
		0377B4EA18FB8447005C04C9 /* Cocoa.framework */ = {isa = PBXFileReference; lastKnownFileType = wrapper.framework; name = Cocoa.framework; path = System/Library/Frameworks/Cocoa.framework; sourceTree = SDKROOT; };
		0377B4ED18FB8447005C04C9 /* AppKit.framework */ = {isa = PBXFileReference; lastKnownFileType = wrapper.framework; name = AppKit.framework; path = System/Library/Frameworks/AppKit.framework; sourceTree = SDKROOT; };
		0377B4EE18FB8447005C04C9 /* CoreData.framework */ = {isa = PBXFileReference; lastKnownFileType = wrapper.framework; name = CoreData.framework; path = System/Library/Frameworks/CoreData.framework; sourceTree = SDKROOT; };
		0377B4EF18FB8447005C04C9 /* Foundation.framework */ = {isa = PBXFileReference; lastKnownFileType = wrapper.framework; name = Foundation.framework; path = System/Library/Frameworks/Foundation.framework; sourceTree = SDKROOT; };
		0377B4F218FB8447005C04C9 /* CBLNestedModelExample-Info.plist */ = {isa = PBXFileReference; lastKnownFileType = text.plist.xml; path = "CBLNestedModelExample-Info.plist"; sourceTree = "<group>"; };
		0377B4F418FB8447005C04C9 /* en */ = {isa = PBXFileReference; lastKnownFileType = text.plist.strings; name = en; path = en.lproj/InfoPlist.strings; sourceTree = "<group>"; };
		0377B4F618FB8447005C04C9 /* main.m */ = {isa = PBXFileReference; lastKnownFileType = sourcecode.c.objc; path = main.m; sourceTree = "<group>"; };
		0377B4F818FB8447005C04C9 /* CBLNestedModelExample-Prefix.pch */ = {isa = PBXFileReference; lastKnownFileType = sourcecode.c.h; path = "CBLNestedModelExample-Prefix.pch"; sourceTree = "<group>"; };
		0377B4FA18FB8447005C04C9 /* en */ = {isa = PBXFileReference; lastKnownFileType = text.rtf; name = en; path = en.lproj/Credits.rtf; sourceTree = "<group>"; };
		0377B4FC18FB8447005C04C9 /* AppDelegate.h */ = {isa = PBXFileReference; lastKnownFileType = sourcecode.c.h; path = AppDelegate.h; sourceTree = "<group>"; };
		0377B4FD18FB8447005C04C9 /* AppDelegate.m */ = {isa = PBXFileReference; lastKnownFileType = sourcecode.c.objc; path = AppDelegate.m; sourceTree = "<group>"; };
		0377B50018FB8447005C04C9 /* Base */ = {isa = PBXFileReference; lastKnownFileType = file.xib; name = Base; path = Base.lproj/MainMenu.xib; sourceTree = "<group>"; };
		0377B50218FB8447005C04C9 /* Images.xcassets */ = {isa = PBXFileReference; lastKnownFileType = folder.assetcatalog; path = Images.xcassets; sourceTree = "<group>"; };
		0377B50818FB8447005C04C9 /* CBLNestedModelExampleTests.xctest */ = {isa = PBXFileReference; explicitFileType = wrapper.cfbundle; includeInIndex = 0; path = CBLNestedModelExampleTests.xctest; sourceTree = BUILT_PRODUCTS_DIR; };
		0377B50918FB8447005C04C9 /* XCTest.framework */ = {isa = PBXFileReference; lastKnownFileType = wrapper.framework; name = XCTest.framework; path = Library/Frameworks/XCTest.framework; sourceTree = DEVELOPER_DIR; };
		0377B51018FB8447005C04C9 /* CBLNestedModelExampleTests-Info.plist */ = {isa = PBXFileReference; lastKnownFileType = text.plist.xml; path = "CBLNestedModelExampleTests-Info.plist"; sourceTree = "<group>"; };
		0377B51218FB8447005C04C9 /* en */ = {isa = PBXFileReference; lastKnownFileType = text.plist.strings; name = en; path = en.lproj/InfoPlist.strings; sourceTree = "<group>"; };
		0377B51418FB8447005C04C9 /* CBLNestedModelExampleTests.m */ = {isa = PBXFileReference; lastKnownFileType = sourcecode.c.objc; path = CBLNestedModelExampleTests.m; sourceTree = "<group>"; };
		0377B51F18FB98A0005C04C9 /* CBLNestedModel.h */ = {isa = PBXFileReference; fileEncoding = 4; lastKnownFileType = sourcecode.c.h; path = CBLNestedModel.h; sourceTree = "<group>"; };
		0377B52018FB98A0005C04C9 /* CBLNestedModel.m */ = {isa = PBXFileReference; fileEncoding = 4; lastKnownFileType = sourcecode.c.objc; path = CBLNestedModel.m; sourceTree = "<group>"; };
		0377B52118FB98A0005C04C9 /* NSObject+Properties.h */ = {isa = PBXFileReference; fileEncoding = 4; lastKnownFileType = sourcecode.c.h; path = "NSObject+Properties.h"; sourceTree = "<group>"; };
		0377B52218FB98A0005C04C9 /* NSObject+Properties.m */ = {isa = PBXFileReference; fileEncoding = 4; lastKnownFileType = sourcecode.c.objc; path = "NSObject+Properties.m"; sourceTree = "<group>"; };
		0377B52418FB98A0005C04C9 /* MyCBLChildModel.h */ = {isa = PBXFileReference; fileEncoding = 4; lastKnownFileType = sourcecode.c.h; path = MyCBLChildModel.h; sourceTree = "<group>"; };
		0377B52518FB98A0005C04C9 /* MyCBLChildModel.m */ = {isa = PBXFileReference; fileEncoding = 4; lastKnownFileType = sourcecode.c.objc; path = MyCBLChildModel.m; sourceTree = "<group>"; };
		0377B52618FB98A0005C04C9 /* MyCBLModel.h */ = {isa = PBXFileReference; fileEncoding = 4; lastKnownFileType = sourcecode.c.h; path = MyCBLModel.h; sourceTree = "<group>"; };
		0377B52718FB98A0005C04C9 /* MyCBLModel.m */ = {isa = PBXFileReference; fileEncoding = 4; lastKnownFileType = sourcecode.c.objc; path = MyCBLModel.m; sourceTree = "<group>"; };
		0377B52C18FB99B2005C04C9 /* CouchbaseLite.xcodeproj */ = {isa = PBXFileReference; lastKnownFileType = "wrapper.pb-project"; name = CouchbaseLite.xcodeproj; path = "../../../../Desktop/CBLNestedModelExample/vendor/couchbase-lite-ios/CouchbaseLite.xcodeproj"; sourceTree = "<group>"; };
/* End PBXFileReference section */

/* Begin PBXFrameworksBuildPhase section */
		0377B4E418FB8447005C04C9 /* Frameworks */ = {
			isa = PBXFrameworksBuildPhase;
			buildActionMask = 2147483647;
			files = (
				0377B55518FB99E1005C04C9 /* CouchbaseLite.framework in Frameworks */,
				0377B4EB18FB8447005C04C9 /* Cocoa.framework in Frameworks */,
			);
			runOnlyForDeploymentPostprocessing = 0;
		};
		0377B50518FB8447005C04C9 /* Frameworks */ = {
			isa = PBXFrameworksBuildPhase;
			buildActionMask = 2147483647;
			files = (
				0377B50B18FB8447005C04C9 /* Cocoa.framework in Frameworks */,
				0377B50A18FB8447005C04C9 /* XCTest.framework in Frameworks */,
			);
			runOnlyForDeploymentPostprocessing = 0;
		};
/* End PBXFrameworksBuildPhase section */

/* Begin PBXGroup section */
		0377B4DE18FB8447005C04C9 = {
			isa = PBXGroup;
			children = (
				0377B52C18FB99B2005C04C9 /* CouchbaseLite.xcodeproj */,
				0377B4F018FB8447005C04C9 /* CBLNestedModelExample */,
				0377B50E18FB8447005C04C9 /* CBLNestedModelExampleTests */,
				0377B4E918FB8447005C04C9 /* Frameworks */,
				0377B4E818FB8447005C04C9 /* Products */,
			);
			sourceTree = "<group>";
		};
		0377B4E818FB8447005C04C9 /* Products */ = {
			isa = PBXGroup;
			children = (
				0377B4E718FB8447005C04C9 /* CBLNestedModelExample.app */,
				0377B50818FB8447005C04C9 /* CBLNestedModelExampleTests.xctest */,
			);
			name = Products;
			sourceTree = "<group>";
		};
		0377B4E918FB8447005C04C9 /* Frameworks */ = {
			isa = PBXGroup;
			children = (
				0377B4EA18FB8447005C04C9 /* Cocoa.framework */,
				0377B50918FB8447005C04C9 /* XCTest.framework */,
				0377B4EC18FB8447005C04C9 /* Other Frameworks */,
			);
			name = Frameworks;
			sourceTree = "<group>";
		};
		0377B4EC18FB8447005C04C9 /* Other Frameworks */ = {
			isa = PBXGroup;
			children = (
				0377B4ED18FB8447005C04C9 /* AppKit.framework */,
				0377B4EE18FB8447005C04C9 /* CoreData.framework */,
				0377B4EF18FB8447005C04C9 /* Foundation.framework */,
			);
			name = "Other Frameworks";
			sourceTree = "<group>";
		};
		0377B4F018FB8447005C04C9 /* CBLNestedModelExample */ = {
			isa = PBXGroup;
			children = (
				0377B51E18FB98A0005C04C9 /* API */,
				0377B52318FB98A0005C04C9 /* CBLJSONEncodingTests */,
				0377B4FC18FB8447005C04C9 /* AppDelegate.h */,
				0377B4FD18FB8447005C04C9 /* AppDelegate.m */,
				0377B4FF18FB8447005C04C9 /* MainMenu.xib */,
				0377B50218FB8447005C04C9 /* Images.xcassets */,
				0377B4F118FB8447005C04C9 /* Supporting Files */,
			);
			path = CBLNestedModelExample;
			sourceTree = "<group>";
		};
		0377B4F118FB8447005C04C9 /* Supporting Files */ = {
			isa = PBXGroup;
			children = (
				0377B4F218FB8447005C04C9 /* CBLNestedModelExample-Info.plist */,
				0377B4F318FB8447005C04C9 /* InfoPlist.strings */,
				0377B4F618FB8447005C04C9 /* main.m */,
				0377B4F818FB8447005C04C9 /* CBLNestedModelExample-Prefix.pch */,
				0377B4F918FB8447005C04C9 /* Credits.rtf */,
			);
			name = "Supporting Files";
			sourceTree = "<group>";
		};
		0377B50E18FB8447005C04C9 /* CBLNestedModelExampleTests */ = {
			isa = PBXGroup;
			children = (
				0377B51418FB8447005C04C9 /* CBLNestedModelExampleTests.m */,
				0377B50F18FB8447005C04C9 /* Supporting Files */,
			);
			path = CBLNestedModelExampleTests;
			sourceTree = "<group>";
		};
		0377B50F18FB8447005C04C9 /* Supporting Files */ = {
			isa = PBXGroup;
			children = (
				0377B51018FB8447005C04C9 /* CBLNestedModelExampleTests-Info.plist */,
				0377B51118FB8447005C04C9 /* InfoPlist.strings */,
			);
			name = "Supporting Files";
			sourceTree = "<group>";
		};
		0377B51E18FB98A0005C04C9 /* API */ = {
			isa = PBXGroup;
			children = (
				0377B51F18FB98A0005C04C9 /* CBLNestedModel.h */,
				0377B52018FB98A0005C04C9 /* CBLNestedModel.m */,
				0377B52118FB98A0005C04C9 /* NSObject+Properties.h */,
				0377B52218FB98A0005C04C9 /* NSObject+Properties.m */,
			);
			path = API;
			sourceTree = "<group>";
		};
		0377B52318FB98A0005C04C9 /* CBLJSONEncodingTests */ = {
			isa = PBXGroup;
			children = (
				0377B52418FB98A0005C04C9 /* MyCBLChildModel.h */,
				0377B52518FB98A0005C04C9 /* MyCBLChildModel.m */,
				0377B52618FB98A0005C04C9 /* MyCBLModel.h */,
				0377B52718FB98A0005C04C9 /* MyCBLModel.m */,
			);
			path = CBLJSONEncodingTests;
			sourceTree = "<group>";
		};
		0377B52D18FB99B2005C04C9 /* Products */ = {
			isa = PBXGroup;
			children = (
				0377B53E18FB99B3005C04C9 /* CouchbaseLite.framework */,
				0377B54018FB99B3005C04C9 /* CouchbaseLite.framework */,
				0377B54218FB99B3005C04C9 /* libCouchbaseLite.a */,
				0377B54418FB99B3005C04C9 /* Couchbase Lite Demo.app */,
				0377B54618FB99B3005C04C9 /* Grocery Sync.app */,
				0377B54818FB99B3005C04C9 /* Couchbase Lite Empty App.app */,
				0377B54A18FB99B3005C04C9 /* CouchbaseLiteListener.framework */,
				0377B54C18FB99B3005C04C9 /* CouchbaseLiteListener.framework */,
				0377B54E18FB99B3005C04C9 /* libCouchbaseLiteListener.a */,
				0377B55018FB99B3005C04C9 /* LiteServ */,
				0377B55218FB99B3005C04C9 /* LiteServ.app */,
				0377B55418FB99B3005C04C9 /* libCBLJSViewCompiler.a */,
			);
			name = Products;
			sourceTree = "<group>";
		};
/* End PBXGroup section */

/* Begin PBXNativeTarget section */
		0377B4E618FB8447005C04C9 /* CBLNestedModelExample */ = {
			isa = PBXNativeTarget;
			buildConfigurationList = 0377B51818FB8447005C04C9 /* Build configuration list for PBXNativeTarget "CBLNestedModelExample" */;
			buildPhases = (
				0377B4E318FB8447005C04C9 /* Sources */,
				0377B4E418FB8447005C04C9 /* Frameworks */,
				0377B4E518FB8447005C04C9 /* Resources */,
			);
			buildRules = (
			);
			dependencies = (
			);
			name = CBLNestedModelExample;
			productName = CBLNestedModelExample;
			productReference = 0377B4E718FB8447005C04C9 /* CBLNestedModelExample.app */;
			productType = "com.apple.product-type.application";
		};
		0377B50718FB8447005C04C9 /* CBLNestedModelExampleTests */ = {
			isa = PBXNativeTarget;
			buildConfigurationList = 0377B51B18FB8447005C04C9 /* Build configuration list for PBXNativeTarget "CBLNestedModelExampleTests" */;
			buildPhases = (
				0377B50418FB8447005C04C9 /* Sources */,
				0377B50518FB8447005C04C9 /* Frameworks */,
				0377B50618FB8447005C04C9 /* Resources */,
			);
			buildRules = (
			);
			dependencies = (
				0377B50D18FB8447005C04C9 /* PBXTargetDependency */,
			);
			name = CBLNestedModelExampleTests;
			productName = CBLNestedModelExampleTests;
			productReference = 0377B50818FB8447005C04C9 /* CBLNestedModelExampleTests.xctest */;
			productType = "com.apple.product-type.bundle.unit-test";
		};
/* End PBXNativeTarget section */

/* Begin PBXProject section */
		0377B4DF18FB8447005C04C9 /* Project object */ = {
			isa = PBXProject;
			attributes = {
				LastUpgradeCheck = 0510;
				ORGANIZATIONNAME = RVijay007;
				TargetAttributes = {
					0377B50718FB8447005C04C9 = {
						TestTargetID = 0377B4E618FB8447005C04C9;
					};
				};
			};
			buildConfigurationList = 0377B4E218FB8447005C04C9 /* Build configuration list for PBXProject "CBLNestedModelExample" */;
			compatibilityVersion = "Xcode 3.2";
			developmentRegion = English;
			hasScannedForEncodings = 0;
			knownRegions = (
				en,
				Base,
			);
			mainGroup = 0377B4DE18FB8447005C04C9;
			productRefGroup = 0377B4E818FB8447005C04C9 /* Products */;
			projectDirPath = "";
			projectReferences = (
				{
					ProductGroup = 0377B52D18FB99B2005C04C9 /* Products */;
					ProjectRef = 0377B52C18FB99B2005C04C9 /* CouchbaseLite.xcodeproj */;
				},
			);
			projectRoot = "";
			targets = (
				0377B4E618FB8447005C04C9 /* CBLNestedModelExample */,
				0377B50718FB8447005C04C9 /* CBLNestedModelExampleTests */,
			);
		};
/* End PBXProject section */

/* Begin PBXReferenceProxy section */
		0377B53E18FB99B3005C04C9 /* CouchbaseLite.framework */ = {
			isa = PBXReferenceProxy;
			fileType = wrapper.framework;
			path = CouchbaseLite.framework;
			remoteRef = 0377B53D18FB99B3005C04C9 /* PBXContainerItemProxy */;
			sourceTree = BUILT_PRODUCTS_DIR;
		};
		0377B54018FB99B3005C04C9 /* CouchbaseLite.framework */ = {
			isa = PBXReferenceProxy;
			fileType = wrapper.cfbundle;
			path = CouchbaseLite.framework;
			remoteRef = 0377B53F18FB99B3005C04C9 /* PBXContainerItemProxy */;
			sourceTree = BUILT_PRODUCTS_DIR;
		};
		0377B54218FB99B3005C04C9 /* libCouchbaseLite.a */ = {
			isa = PBXReferenceProxy;
			fileType = archive.ar;
			path = libCouchbaseLite.a;
			remoteRef = 0377B54118FB99B3005C04C9 /* PBXContainerItemProxy */;
			sourceTree = BUILT_PRODUCTS_DIR;
		};
		0377B54418FB99B3005C04C9 /* Couchbase Lite Demo.app */ = {
			isa = PBXReferenceProxy;
			fileType = wrapper.application;
			path = "Couchbase Lite Demo.app";
			remoteRef = 0377B54318FB99B3005C04C9 /* PBXContainerItemProxy */;
			sourceTree = BUILT_PRODUCTS_DIR;
		};
		0377B54618FB99B3005C04C9 /* Grocery Sync.app */ = {
			isa = PBXReferenceProxy;
			fileType = wrapper.application;
			path = "Grocery Sync.app";
			remoteRef = 0377B54518FB99B3005C04C9 /* PBXContainerItemProxy */;
			sourceTree = BUILT_PRODUCTS_DIR;
		};
		0377B54818FB99B3005C04C9 /* Couchbase Lite Empty App.app */ = {
			isa = PBXReferenceProxy;
			fileType = wrapper.application;
			path = "Couchbase Lite Empty App.app";
			remoteRef = 0377B54718FB99B3005C04C9 /* PBXContainerItemProxy */;
			sourceTree = BUILT_PRODUCTS_DIR;
		};
		0377B54A18FB99B3005C04C9 /* CouchbaseLiteListener.framework */ = {
			isa = PBXReferenceProxy;
			fileType = wrapper.framework;
			path = CouchbaseLiteListener.framework;
			remoteRef = 0377B54918FB99B3005C04C9 /* PBXContainerItemProxy */;
			sourceTree = BUILT_PRODUCTS_DIR;
		};
		0377B54C18FB99B3005C04C9 /* CouchbaseLiteListener.framework */ = {
			isa = PBXReferenceProxy;
			fileType = wrapper.cfbundle;
			path = CouchbaseLiteListener.framework;
			remoteRef = 0377B54B18FB99B3005C04C9 /* PBXContainerItemProxy */;
			sourceTree = BUILT_PRODUCTS_DIR;
		};
		0377B54E18FB99B3005C04C9 /* libCouchbaseLiteListener.a */ = {
			isa = PBXReferenceProxy;
			fileType = archive.ar;
			path = libCouchbaseLiteListener.a;
			remoteRef = 0377B54D18FB99B3005C04C9 /* PBXContainerItemProxy */;
			sourceTree = BUILT_PRODUCTS_DIR;
		};
		0377B55018FB99B3005C04C9 /* LiteServ */ = {
			isa = PBXReferenceProxy;
			fileType = "compiled.mach-o.executable";
			path = LiteServ;
			remoteRef = 0377B54F18FB99B3005C04C9 /* PBXContainerItemProxy */;
			sourceTree = BUILT_PRODUCTS_DIR;
		};
		0377B55218FB99B3005C04C9 /* LiteServ.app */ = {
			isa = PBXReferenceProxy;
			fileType = wrapper.application;
			path = LiteServ.app;
			remoteRef = 0377B55118FB99B3005C04C9 /* PBXContainerItemProxy */;
			sourceTree = BUILT_PRODUCTS_DIR;
		};
		0377B55418FB99B3005C04C9 /* libCBLJSViewCompiler.a */ = {
			isa = PBXReferenceProxy;
			fileType = archive.ar;
			path = libCBLJSViewCompiler.a;
			remoteRef = 0377B55318FB99B3005C04C9 /* PBXContainerItemProxy */;
			sourceTree = BUILT_PRODUCTS_DIR;
		};
/* End PBXReferenceProxy section */

/* Begin PBXResourcesBuildPhase section */
		0377B4E518FB8447005C04C9 /* Resources */ = {
			isa = PBXResourcesBuildPhase;
			buildActionMask = 2147483647;
			files = (
				0377B4F518FB8447005C04C9 /* InfoPlist.strings in Resources */,
				0377B50318FB8447005C04C9 /* Images.xcassets in Resources */,
				0377B4FB18FB8447005C04C9 /* Credits.rtf in Resources */,
				0377B50118FB8447005C04C9 /* MainMenu.xib in Resources */,
			);
			runOnlyForDeploymentPostprocessing = 0;
		};
		0377B50618FB8447005C04C9 /* Resources */ = {
			isa = PBXResourcesBuildPhase;
			buildActionMask = 2147483647;
			files = (
				0377B51318FB8447005C04C9 /* InfoPlist.strings in Resources */,
			);
			runOnlyForDeploymentPostprocessing = 0;
		};
/* End PBXResourcesBuildPhase section */

/* Begin PBXSourcesBuildPhase section */
		0377B4E318FB8447005C04C9 /* Sources */ = {
			isa = PBXSourcesBuildPhase;
			buildActionMask = 2147483647;
			files = (
				0377B52918FB98A0005C04C9 /* NSObject+Properties.m in Sources */,
				0377B52B18FB98A0005C04C9 /* MyCBLModel.m in Sources */,
				0377B52A18FB98A0005C04C9 /* MyCBLChildModel.m in Sources */,
				0377B52818FB98A0005C04C9 /* CBLNestedModel.m in Sources */,
				0377B4FE18FB8447005C04C9 /* AppDelegate.m in Sources */,
				0377B4F718FB8447005C04C9 /* main.m in Sources */,
			);
			runOnlyForDeploymentPostprocessing = 0;
		};
		0377B50418FB8447005C04C9 /* Sources */ = {
			isa = PBXSourcesBuildPhase;
			buildActionMask = 2147483647;
			files = (
				0377B51518FB8447005C04C9 /* CBLNestedModelExampleTests.m in Sources */,
			);
			runOnlyForDeploymentPostprocessing = 0;
		};
/* End PBXSourcesBuildPhase section */

/* Begin PBXTargetDependency section */
		0377B50D18FB8447005C04C9 /* PBXTargetDependency */ = {
			isa = PBXTargetDependency;
			target = 0377B4E618FB8447005C04C9 /* CBLNestedModelExample */;
			targetProxy = 0377B50C18FB8447005C04C9 /* PBXContainerItemProxy */;
		};
/* End PBXTargetDependency section */

/* Begin PBXVariantGroup section */
		0377B4F318FB8447005C04C9 /* InfoPlist.strings */ = {
			isa = PBXVariantGroup;
			children = (
				0377B4F418FB8447005C04C9 /* en */,
			);
			name = InfoPlist.strings;
			sourceTree = "<group>";
		};
		0377B4F918FB8447005C04C9 /* Credits.rtf */ = {
			isa = PBXVariantGroup;
			children = (
				0377B4FA18FB8447005C04C9 /* en */,
			);
			name = Credits.rtf;
			sourceTree = "<group>";
		};
		0377B4FF18FB8447005C04C9 /* MainMenu.xib */ = {
			isa = PBXVariantGroup;
			children = (
				0377B50018FB8447005C04C9 /* Base */,
			);
			name = MainMenu.xib;
			sourceTree = "<group>";
		};
		0377B51118FB8447005C04C9 /* InfoPlist.strings */ = {
			isa = PBXVariantGroup;
			children = (
				0377B51218FB8447005C04C9 /* en */,
			);
			name = InfoPlist.strings;
			sourceTree = "<group>";
		};
/* End PBXVariantGroup section */

/* Begin XCBuildConfiguration section */
		0377B51618FB8447005C04C9 /* Debug */ = {
			isa = XCBuildConfiguration;
			buildSettings = {
				ALWAYS_SEARCH_USER_PATHS = NO;
				CLANG_CXX_LANGUAGE_STANDARD = "gnu++0x";
				CLANG_CXX_LIBRARY = "libc++";
				CLANG_ENABLE_MODULES = YES;
				CLANG_ENABLE_OBJC_ARC = YES;
				CLANG_WARN_BOOL_CONVERSION = YES;
				CLANG_WARN_CONSTANT_CONVERSION = YES;
				CLANG_WARN_DIRECT_OBJC_ISA_USAGE = YES_ERROR;
				CLANG_WARN_EMPTY_BODY = YES;
				CLANG_WARN_ENUM_CONVERSION = YES;
				CLANG_WARN_INT_CONVERSION = YES;
				CLANG_WARN_OBJC_ROOT_CLASS = YES_ERROR;
				CLANG_WARN__DUPLICATE_METHOD_MATCH = YES;
				COPY_PHASE_STRIP = NO;
				GCC_C_LANGUAGE_STANDARD = gnu99;
				GCC_DYNAMIC_NO_PIC = NO;
				GCC_ENABLE_OBJC_EXCEPTIONS = YES;
				GCC_OPTIMIZATION_LEVEL = 0;
				GCC_PREPROCESSOR_DEFINITIONS = (
					"DEBUG=1",
					"$(inherited)",
				);
				GCC_SYMBOLS_PRIVATE_EXTERN = NO;
				GCC_WARN_64_TO_32_BIT_CONVERSION = YES;
				GCC_WARN_ABOUT_RETURN_TYPE = YES_ERROR;
				GCC_WARN_UNDECLARED_SELECTOR = YES;
				GCC_WARN_UNINITIALIZED_AUTOS = YES_AGGRESSIVE;
				GCC_WARN_UNUSED_FUNCTION = YES;
				GCC_WARN_UNUSED_VARIABLE = YES;
				MACOSX_DEPLOYMENT_TARGET = 10.9;
				ONLY_ACTIVE_ARCH = YES;
				SDKROOT = macosx;
			};
			name = Debug;
		};
		0377B51718FB8447005C04C9 /* Release */ = {
			isa = XCBuildConfiguration;
			buildSettings = {
				ALWAYS_SEARCH_USER_PATHS = NO;
				CLANG_CXX_LANGUAGE_STANDARD = "gnu++0x";
				CLANG_CXX_LIBRARY = "libc++";
				CLANG_ENABLE_MODULES = YES;
				CLANG_ENABLE_OBJC_ARC = YES;
				CLANG_WARN_BOOL_CONVERSION = YES;
				CLANG_WARN_CONSTANT_CONVERSION = YES;
				CLANG_WARN_DIRECT_OBJC_ISA_USAGE = YES_ERROR;
				CLANG_WARN_EMPTY_BODY = YES;
				CLANG_WARN_ENUM_CONVERSION = YES;
				CLANG_WARN_INT_CONVERSION = YES;
				CLANG_WARN_OBJC_ROOT_CLASS = YES_ERROR;
				CLANG_WARN__DUPLICATE_METHOD_MATCH = YES;
				COPY_PHASE_STRIP = YES;
				DEBUG_INFORMATION_FORMAT = "dwarf-with-dsym";
				ENABLE_NS_ASSERTIONS = NO;
				GCC_C_LANGUAGE_STANDARD = gnu99;
				GCC_ENABLE_OBJC_EXCEPTIONS = YES;
				GCC_WARN_64_TO_32_BIT_CONVERSION = YES;
				GCC_WARN_ABOUT_RETURN_TYPE = YES_ERROR;
				GCC_WARN_UNDECLARED_SELECTOR = YES;
				GCC_WARN_UNINITIALIZED_AUTOS = YES_AGGRESSIVE;
				GCC_WARN_UNUSED_FUNCTION = YES;
				GCC_WARN_UNUSED_VARIABLE = YES;
				MACOSX_DEPLOYMENT_TARGET = 10.9;
				SDKROOT = macosx;
			};
			name = Release;
		};
		0377B51918FB8447005C04C9 /* Debug */ = {
			isa = XCBuildConfiguration;
			buildSettings = {
				ASSETCATALOG_COMPILER_APPICON_NAME = AppIcon;
				COMBINE_HIDPI_IMAGES = YES;
				GCC_PRECOMPILE_PREFIX_HEADER = YES;
				GCC_PREFIX_HEADER = "CBLNestedModelExample/CBLNestedModelExample-Prefix.pch";
				INFOPLIST_FILE = "CBLNestedModelExample/CBLNestedModelExample-Info.plist";
				PRODUCT_NAME = "$(TARGET_NAME)";
				WRAPPER_EXTENSION = app;
			};
			name = Debug;
		};
		0377B51A18FB8447005C04C9 /* Release */ = {
			isa = XCBuildConfiguration;
			buildSettings = {
				ASSETCATALOG_COMPILER_APPICON_NAME = AppIcon;
				COMBINE_HIDPI_IMAGES = YES;
				GCC_PRECOMPILE_PREFIX_HEADER = YES;
				GCC_PREFIX_HEADER = "CBLNestedModelExample/CBLNestedModelExample-Prefix.pch";
				INFOPLIST_FILE = "CBLNestedModelExample/CBLNestedModelExample-Info.plist";
				PRODUCT_NAME = "$(TARGET_NAME)";
				WRAPPER_EXTENSION = app;
			};
			name = Release;
		};
		0377B51C18FB8447005C04C9 /* Debug */ = {
			isa = XCBuildConfiguration;
			buildSettings = {
				BUNDLE_LOADER = "$(BUILT_PRODUCTS_DIR)/CBLNestedModelExample.app/Contents/MacOS/CBLNestedModelExample";
				COMBINE_HIDPI_IMAGES = YES;
				FRAMEWORK_SEARCH_PATHS = (
					"$(DEVELOPER_FRAMEWORKS_DIR)",
					"$(inherited)",
				);
				GCC_PRECOMPILE_PREFIX_HEADER = YES;
				GCC_PREFIX_HEADER = "CBLNestedModelExample/CBLNestedModelExample-Prefix.pch";
				GCC_PREPROCESSOR_DEFINITIONS = (
					"DEBUG=1",
					"$(inherited)",
				);
				INFOPLIST_FILE = "CBLNestedModelExampleTests/CBLNestedModelExampleTests-Info.plist";
				PRODUCT_NAME = "$(TARGET_NAME)";
				TEST_HOST = "$(BUNDLE_LOADER)";
				WRAPPER_EXTENSION = xctest;
			};
			name = Debug;
		};
		0377B51D18FB8447005C04C9 /* Release */ = {
			isa = XCBuildConfiguration;
			buildSettings = {
				BUNDLE_LOADER = "$(BUILT_PRODUCTS_DIR)/CBLNestedModelExample.app/Contents/MacOS/CBLNestedModelExample";
				COMBINE_HIDPI_IMAGES = YES;
				FRAMEWORK_SEARCH_PATHS = (
					"$(DEVELOPER_FRAMEWORKS_DIR)",
					"$(inherited)",
				);
				GCC_PRECOMPILE_PREFIX_HEADER = YES;
				GCC_PREFIX_HEADER = "CBLNestedModelExample/CBLNestedModelExample-Prefix.pch";
				INFOPLIST_FILE = "CBLNestedModelExampleTests/CBLNestedModelExampleTests-Info.plist";
				PRODUCT_NAME = "$(TARGET_NAME)";
				TEST_HOST = "$(BUNDLE_LOADER)";
				WRAPPER_EXTENSION = xctest;
			};
			name = Release;
		};
/* End XCBuildConfiguration section */

/* Begin XCConfigurationList section */
		0377B4E218FB8447005C04C9 /* Build configuration list for PBXProject "CBLNestedModelExample" */ = {
			isa = XCConfigurationList;
			buildConfigurations = (
				0377B51618FB8447005C04C9 /* Debug */,
				0377B51718FB8447005C04C9 /* Release */,
			);
			defaultConfigurationIsVisible = 0;
			defaultConfigurationName = Release;
		};
		0377B51818FB8447005C04C9 /* Build configuration list for PBXNativeTarget "CBLNestedModelExample" */ = {
			isa = XCConfigurationList;
			buildConfigurations = (
				0377B51918FB8447005C04C9 /* Debug */,
				0377B51A18FB8447005C04C9 /* Release */,
			);
			defaultConfigurationIsVisible = 0;
			defaultConfigurationName = Release;
		};
		0377B51B18FB8447005C04C9 /* Build configuration list for PBXNativeTarget "CBLNestedModelExampleTests" */ = {
			isa = XCConfigurationList;
			buildConfigurations = (
				0377B51C18FB8447005C04C9 /* Debug */,
				0377B51D18FB8447005C04C9 /* Release */,
			);
			defaultConfigurationIsVisible = 0;
			defaultConfigurationName = Release;
		};
/* End XCConfigurationList section */
	};
	rootObject = 0377B4DF18FB8447005C04C9 /* Project object */;
}
